
Microsoft Visual Studio Solution File, Format Version 12.00
# Visual Studio Version 16
VisualStudioVersion = 16.0.29709.97
MinimumVisualStudioVersion = 10.0.40219.1
Project("{A07B5EB6-E848-4116-A8D0-A826331D98C6}") = "Application", "Application\Application.sfproj", "{8DCA6932-ABF1-4DE8-911F-94CD23C53C34}"
EndProject
Project("{FAE04EC0-301F-11D3-BF4B-00C04F79EFBC}") = "StatelessApi", "StatelessApi\StatelessApi.csproj", "{27098F78-E961-40E1-ACD3-A8DB65ADB493}"
EndProject
Global
	GlobalSection(SolutionConfigurationPlatforms) = preSolution
		Debug|Any CPU = Debug|Any CPU
		Debug|x64 = Debug|x64
		Release|Any CPU = Release|Any CPU
		Release|x64 = Release|x64
	EndGlobalSection
	GlobalSection(ProjectConfigurationPlatforms) = postSolution
		{8DCA6932-ABF1-4DE8-911F-94CD23C53C34}.Debug|Any CPU.ActiveCfg = Debug|x64
		{8DCA6932-ABF1-4DE8-911F-94CD23C53C34}.Debug|x64.ActiveCfg = Debug|x64
		{8DCA6932-ABF1-4DE8-911F-94CD23C53C34}.Debug|x64.Build.0 = Debug|x64
		{8DCA6932-ABF1-4DE8-911F-94CD23C53C34}.Debug|x64.Deploy.0 = Debug|x64
		{8DCA6932-ABF1-4DE8-911F-94CD23C53C34}.Release|Any CPU.ActiveCfg = Release|x64
		{8DCA6932-ABF1-4DE8-911F-94CD23C53C34}.Release|x64.ActiveCfg = Release|x64
		{8DCA6932-ABF1-4DE8-911F-94CD23C53C34}.Release|x64.Build.0 = Release|x64
		{8DCA6932-ABF1-4DE8-911F-94CD23C53C34}.Release|x64.Deploy.0 = Release|x64
		{27098F78-E961-40E1-ACD3-A8DB65ADB493}.Debug|Any CPU.ActiveCfg = Debug|Any CPU
		{27098F78-E961-40E1-ACD3-A8DB65ADB493}.Debug|Any CPU.Build.0 = Debug|Any CPU
		{27098F78-E961-40E1-ACD3-A8DB65ADB493}.Debug|x64.ActiveCfg = Debug|Any CPU
		{27098F78-E961-40E1-ACD3-A8DB65ADB493}.Debug|x64.Build.0 = Debug|Any CPU
		{27098F78-E961-40E1-ACD3-A8DB65ADB493}.Release|Any CPU.ActiveCfg = Release|Any CPU
		{27098F78-E961-40E1-ACD3-A8DB65ADB493}.Release|Any CPU.Build.0 = Release|Any CPU
		{27098F78-E961-40E1-ACD3-A8DB65ADB493}.Release|x64.ActiveCfg = Release|Any CPU
		{27098F78-E961-40E1-ACD3-A8DB65ADB493}.Release|x64.Build.0 = Release|Any CPU
	EndGlobalSection
	GlobalSection(SolutionProperties) = preSolution
		HideSolutionNode = FALSE
	EndGlobalSection
	GlobalSection(ExtensibilityGlobals) = postSolution
		SolutionGuid = {BD2A6675-2CD2-4E66-BDA9-F62358231B81}
	EndGlobalSection
EndGlobal
